{
  "nodes": {
    "base16": {
      "inputs": {
        "fromYaml": "fromYaml"
      },
      "locked": {
        "lastModified": 1689633990,
        "narHash": "sha256-iwvQg2Vx0IIDWZaKo8Xmzxlv1YPHg+Kp/QSv8dRv0RY=",
        "owner": "SenchoPens",
        "repo": "base16.nix",
        "rev": "dddf2e1c04845d43c89a8e9e37d574519649a404",
        "type": "github"
      },
      "original": {
        "owner": "SenchoPens",
        "repo": "base16.nix",
        "type": "github"
      }
    },
    "flake-compat": {
      "flake": false,
      "locked": {
        "lastModified": 1673956053,
        "narHash": "sha256-4gtG9iQuiKITOjNQQeQIpoIB6b16fm+504Ch3sNKLd8=",
        "owner": "edolstra",
        "repo": "flake-compat",
        "rev": "35bb57c0c8d8b62bbfd284272c928ceb64ddbde9",
        "type": "github"
      },
      "original": {
        "owner": "edolstra",
        "repo": "flake-compat",
        "type": "github"
      }
    },
    "fromYaml": {
      "flake": false,
      "locked": {
        "lastModified": 1689549921,
        "narHash": "sha256-iX0pk/uB019TdBGlaJEWvBCfydT6sRq+eDcGPifVsCM=",
        "owner": "SenchoPens",
        "repo": "fromYaml",
        "rev": "11fbbbfb32e3289d3c631e0134a23854e7865c84",
        "type": "github"
      },
      "original": {
        "owner": "SenchoPens",
        "repo": "fromYaml",
        "type": "github"
      }
    },
    "hm": {
      "inputs": {
        "nixpkgs": [
          "nixpkgs"
        ]
      },
      "locked": {
        "lastModified": 1691312444,
        "narHash": "sha256-J9e9dGwAPTX+UlAn8jehoyaEq6fwK+L+gunfx0cYT4E=",
        "owner": "nix-community",
        "repo": "home-manager",
        "rev": "903e06d734bcae48efb79b9afd51b406d2744179",
        "type": "github"
      },
      "original": {
        "owner": "nix-community",
        "repo": "home-manager",
        "type": "github"
      }
    },
    "home-manager": {
      "inputs": {
        "nixpkgs": [
          "stylix",
          "nixpkgs"
        ]
      },
      "locked": {
        "lastModified": 1689134369,
        "narHash": "sha256-0G9dutIvhS/WUr3Awcnqw71g8EVVvvkOhVDnDDbY4Fw=",
        "owner": "nix-community",
        "repo": "home-manager",
        "rev": "e42fb59768f0305085abde0dd27ab5e0cc15420c",
        "type": "github"
      },
      "original": {
        "owner": "nix-community",
        "repo": "home-manager",
        "type": "github"
      }
    },
    "hyprland": {
      "inputs": {
        "hyprland-protocols": "hyprland-protocols",
        "nixpkgs": [
          "nixpkgs"
        ],
        "wlroots": "wlroots",
        "xdph": "xdph"
      },
      "locked": {
        "lastModified": 1691270973,
        "narHash": "sha256-mm4JEJ8zTfSZPurYFOczJFuUUVlI+iBZKxbpcgKWN+M=",
        "owner": "hyprwm",
        "repo": "Hyprland",
        "rev": "a077b7a92e87a3edd1cebb9bdd4c4fa3ec3d7bb7",
        "type": "github"
      },
      "original": {
        "owner": "hyprwm",
        "repo": "Hyprland",
        "type": "github"
      }
    },
    "hyprland-protocols": {
      "inputs": {
        "nixpkgs": [
          "hyprland",
          "nixpkgs"
        ]
      },
      "locked": {
        "lastModified": 1684265364,
        "narHash": "sha256-AxNnWbthsuNx73HDQr0eBxrcE3+yfl/WsaXZqUFmkpQ=",
        "owner": "hyprwm",
        "repo": "hyprland-protocols",
        "rev": "8c279b9fb0f2b031427dc5ef4eab53f2ed835530",
        "type": "github"
      },
      "original": {
        "owner": "hyprwm",
        "repo": "hyprland-protocols",
        "type": "github"
      }
    },
    "nixpkgs": {
      "locked": {
        "lastModified": 1691276849,
        "narHash": "sha256-RNnrzxhW38SOFIF6TY/WaX7VB3PCkYFEeRE5YZU+wHw=",
        "owner": "nixos",
        "repo": "nixpkgs",
        "rev": "5faab29808a2d72f4ee0c44c8e850e4e6ada972f",
        "type": "github"
      },
      "original": {
        "owner": "nixos",
        "ref": "nixos-unstable",
        "repo": "nixpkgs",
        "type": "github"
      }
    },
    "root": {
      "inputs": {
        "hm": "hm",
        "hyprland": "hyprland",
        "nixpkgs": "nixpkgs",
        "stylix": "stylix"
      }
    },
    "stylix": {
      "inputs": {
        "base16": "base16",
        "flake-compat": "flake-compat",
        "home-manager": "home-manager",
        "nixpkgs": [
          "nixpkgs"
        ]
      },
      "locked": {
        "lastModified": 1690905065,
        "narHash": "sha256-7RP7PJlHlK7yTsKBwvzzin8TX0Iiu4YcRWCr633wApM=",
        "owner": "danth",
        "repo": "stylix",
        "rev": "5f7b55cc690b5ca02d1dc19175cab2ccdd408811",
        "type": "github"
      },
      "original": {
        "owner": "danth",
        "repo": "stylix",
        "type": "github"
      }
    },
    "wlroots": {
      "flake": false,
      "locked": {
        "host": "gitlab.freedesktop.org",
        "lastModified": 1691073628,
        "narHash": "sha256-LlxE3o3UzRY7APYVLGNKM30DBMcDifCRIQiMVSbYLIc=",
        "owner": "wlroots",
        "repo": "wlroots",
        "rev": "c74f89d4f84bfed0284d3908aee5d207698c70c5",
        "type": "gitlab"
      },
      "original": {
        "host": "gitlab.freedesktop.org",
        "owner": "wlroots",
        "repo": "wlroots",
        "rev": "c74f89d4f84bfed0284d3908aee5d207698c70c5",
        "type": "gitlab"
      }
    },
    "xdph": {
      "inputs": {
        "hyprland-protocols": [
          "hyprland",
          "hyprland-protocols"
        ],
        "nixpkgs": [
          "hyprland",
          "nixpkgs"
        ]
      },
      "locked": {
        "lastModified": 1685385764,
        "narHash": "sha256-r+XMyOoRXq+hlfjayb+fyi9kq2JK48TrwuNIAXqlj7U=",
        "owner": "hyprwm",
        "repo": "xdg-desktop-portal-hyprland",
        "rev": "4d9ff0c17716936e0b5ca577a39e263633901ed1",
        "type": "github"
      },
      "original": {
        "owner": "hyprwm",
        "repo": "xdg-desktop-portal-hyprland",
        "type": "github"
      }
    }
  },
  "root": "root",
  "version": 7
}
