{
  "nodes": {
    "base16": {
      "inputs": {
        "fromYaml": "fromYaml"
      },
      "locked": {
        "lastModified": 1689633990,
        "narHash": "sha256-iwvQg2Vx0IIDWZaKo8Xmzxlv1YPHg+Kp/QSv8dRv0RY=",
        "owner": "SenchoPens",
        "repo": "base16.nix",
        "rev": "dddf2e1c04845d43c89a8e9e37d574519649a404",
        "type": "github"
      },
      "original": {
        "owner": "SenchoPens",
        "repo": "base16.nix",
        "type": "github"
      }
    },
    "flake-compat": {
      "flake": false,
      "locked": {
        "lastModified": 1673956053,
        "narHash": "sha256-4gtG9iQuiKITOjNQQeQIpoIB6b16fm+504Ch3sNKLd8=",
        "owner": "edolstra",
        "repo": "flake-compat",
        "rev": "35bb57c0c8d8b62bbfd284272c928ceb64ddbde9",
        "type": "github"
      },
      "original": {
        "owner": "edolstra",
        "repo": "flake-compat",
        "type": "github"
      }
    },
    "fromYaml": {
      "flake": false,
      "locked": {
        "lastModified": 1689549921,
        "narHash": "sha256-iX0pk/uB019TdBGlaJEWvBCfydT6sRq+eDcGPifVsCM=",
        "owner": "SenchoPens",
        "repo": "fromYaml",
        "rev": "11fbbbfb32e3289d3c631e0134a23854e7865c84",
        "type": "github"
      },
      "original": {
        "owner": "SenchoPens",
        "repo": "fromYaml",
        "type": "github"
      }
    },
    "hm": {
      "inputs": {
        "nixpkgs": [
          "nixpkgs"
        ]
      },
      "locked": {
        "lastModified": 1691506824,
        "narHash": "sha256-Z2Ms7036CCEAfCmDBDy+sFauO6/7fx2UN3aoPCpp4tA=",
        "owner": "nix-community",
        "repo": "home-manager",
        "rev": "7b8d43fbaf8450c30caaed5eab876897d0af891b",
        "type": "github"
      },
      "original": {
        "owner": "nix-community",
        "repo": "home-manager",
        "type": "github"
      }
    },
    "home-manager": {
      "inputs": {
        "nixpkgs": [
          "stylix",
          "nixpkgs"
        ]
      },
      "locked": {
        "lastModified": 1689134369,
        "narHash": "sha256-0G9dutIvhS/WUr3Awcnqw71g8EVVvvkOhVDnDDbY4Fw=",
        "owner": "nix-community",
        "repo": "home-manager",
        "rev": "e42fb59768f0305085abde0dd27ab5e0cc15420c",
        "type": "github"
      },
      "original": {
        "owner": "nix-community",
        "repo": "home-manager",
        "type": "github"
      }
    },
    "hyprland": {
      "inputs": {
        "hyprland-protocols": "hyprland-protocols",
        "nixpkgs": [
          "nixpkgs"
        ],
        "wlroots": "wlroots",
        "xdph": "xdph"
      },
      "locked": {
        "lastModified": 1691520628,
        "narHash": "sha256-C2AQ8WJ3sDuaVULYPQJRuJ4XAC/uWNGQ0bhtA7FFOlw=",
        "owner": "hyprwm",
        "repo": "Hyprland",
        "rev": "ec269622fcd1fd06d2db19d98593ffab8ff041cb",
        "type": "github"
      },
      "original": {
        "owner": "hyprwm",
        "repo": "Hyprland",
        "type": "github"
      }
    },
    "hyprland-protocols": {
      "inputs": {
        "nixpkgs": [
          "hyprland",
          "nixpkgs"
        ]
      },
      "locked": {
        "lastModified": 1684265364,
        "narHash": "sha256-AxNnWbthsuNx73HDQr0eBxrcE3+yfl/WsaXZqUFmkpQ=",
        "owner": "hyprwm",
        "repo": "hyprland-protocols",
        "rev": "8c279b9fb0f2b031427dc5ef4eab53f2ed835530",
        "type": "github"
      },
      "original": {
        "owner": "hyprwm",
        "repo": "hyprland-protocols",
        "type": "github"
      }
    },
    "nixpkgs": {
      "locked": {
        "lastModified": 1691368598,
        "narHash": "sha256-ia7li22keBBbj02tEdqjVeLtc7ZlSBuhUk+7XTUFr14=",
        "owner": "nixos",
        "repo": "nixpkgs",
        "rev": "5a8e9243812ba528000995b294292d3b5e120947",
        "type": "github"
      },
      "original": {
        "owner": "nixos",
        "ref": "nixos-unstable",
        "repo": "nixpkgs",
        "type": "github"
      }
    },
    "root": {
      "inputs": {
        "hm": "hm",
        "hyprland": "hyprland",
        "nixpkgs": "nixpkgs",
        "stylix": "stylix"
      }
    },
    "stylix": {
      "inputs": {
        "base16": "base16",
        "flake-compat": "flake-compat",
        "home-manager": "home-manager",
        "nixpkgs": [
          "nixpkgs"
        ]
      },
      "locked": {
        "lastModified": 1690905065,
        "narHash": "sha256-7RP7PJlHlK7yTsKBwvzzin8TX0Iiu4YcRWCr633wApM=",
        "owner": "danth",
        "repo": "stylix",
        "rev": "5f7b55cc690b5ca02d1dc19175cab2ccdd408811",
        "type": "github"
      },
      "original": {
        "owner": "danth",
        "repo": "stylix",
        "type": "github"
      }
    },
    "wlroots": {
      "flake": false,
      "locked": {
        "host": "gitlab.freedesktop.org",
        "lastModified": 1691073628,
        "narHash": "sha256-LlxE3o3UzRY7APYVLGNKM30DBMcDifCRIQiMVSbYLIc=",
        "owner": "wlroots",
        "repo": "wlroots",
        "rev": "c74f89d4f84bfed0284d3908aee5d207698c70c5",
        "type": "gitlab"
      },
      "original": {
        "host": "gitlab.freedesktop.org",
        "owner": "wlroots",
        "repo": "wlroots",
        "rev": "c74f89d4f84bfed0284d3908aee5d207698c70c5",
        "type": "gitlab"
      }
    },
    "xdph": {
      "inputs": {
        "hyprland-protocols": [
          "hyprland",
          "hyprland-protocols"
        ],
        "nixpkgs": [
          "hyprland",
          "nixpkgs"
        ]
      },
      "locked": {
        "lastModified": 1691082525,
        "narHash": "sha256-C5AO0KnyAFJaCkOn+5nJfWm0kyiPn/Awh0lKTjhgr7Y=",
        "owner": "hyprwm",
        "repo": "xdg-desktop-portal-hyprland",
        "rev": "42747d267ab4345c4ceb78cd4a4fe99f072d80fc",
        "type": "github"
      },
      "original": {
        "owner": "hyprwm",
        "repo": "xdg-desktop-portal-hyprland",
        "type": "github"
      }
    }
  },
  "root": "root",
  "version": 7
}
